
Microsoft Visual Studio Solution File, Format Version 12.00
# Visual Studio Version 17
VisualStudioVersion = 17.14.36414.22 d17.14
MinimumVisualStudioVersion = 10.0.40219.1
Project("{FAE04EC0-301F-11D3-BF4B-00C04F79EFBC}") = "A11_06102025_NodeInt", "A11_06102025_NodeInt\A11_06102025_NodeInt.csproj", "{16D04E72-CC8C-42C8-9DD3-7A1EE071DEC6}"
EndProject
Global
	GlobalSection(SolutionConfigurationPlatforms) = preSolution
		Debug|Any CPU = Debug|Any CPU
		Release|Any CPU = Release|Any CPU
	EndGlobalSection
	GlobalSection(ProjectConfigurationPlatforms) = postSolution
		{16D04E72-CC8C-42C8-9DD3-7A1EE071DEC6}.Debug|Any CPU.ActiveCfg = Debug|Any CPU
		{16D04E72-CC8C-42C8-9DD3-7A1EE071DEC6}.Debug|Any CPU.Build.0 = Debug|Any CPU
		{16D04E72-CC8C-42C8-9DD3-7A1EE071DEC6}.Release|Any CPU.ActiveCfg = Release|Any CPU
		{16D04E72-CC8C-42C8-9DD3-7A1EE071DEC6}.Release|Any CPU.Build.0 = Release|Any CPU
	EndGlobalSection
	GlobalSection(SolutionProperties) = preSolution
		HideSolutionNode = FALSE
	EndGlobalSection
	GlobalSection(ExtensibilityGlobals) = postSolution
		SolutionGuid = {365D35C0-BCE8-4045-8328-A6649D7DAFE9}
	EndGlobalSection
EndGlobal
